
Microsoft Visual Studio Solution File, Format Version 12.00
# Visual Studio Version 17
VisualStudioVersion = 17.8.34525.116
MinimumVisualStudioVersion = 10.0.40219.1
Project("{9A19103F-16F7-4668-BE54-9A1E7A4F7556}") = "Food", "University_1\Food.csproj", "{4A7764F7-8027-4862-AF4F-1CF75CD7441B}"
EndProject
Global
	GlobalSection(SolutionConfigurationPlatforms) = preSolution
		Debug|Any CPU = Debug|Any CPU
		Release|Any CPU = Release|Any CPU
	EndGlobalSection
	GlobalSection(ProjectConfigurationPlatforms) = postSolution
		{4A7764F7-8027-4862-AF4F-1CF75CD7441B}.Debug|Any CPU.ActiveCfg = Debug|Any CPU
		{4A7764F7-8027-4862-AF4F-1CF75CD7441B}.Debug|Any CPU.Build.0 = Debug|Any CPU
		{4A7764F7-8027-4862-AF4F-1CF75CD7441B}.Release|Any CPU.ActiveCfg = Release|Any CPU
		{4A7764F7-8027-4862-AF4F-1CF75CD7441B}.Release|Any CPU.Build.0 = Release|Any CPU
	EndGlobalSection
	GlobalSection(SolutionProperties) = preSolution
		HideSolutionNode = FALSE
	EndGlobalSection
	GlobalSection(ExtensibilityGlobals) = postSolution
		SolutionGuid = {4E722593-F605-4BE7-857F-3464377A08E2}
	EndGlobalSection
EndGlobal
